
Microsoft Visual Studio Solution File, Format Version 12.00
# Visual Studio Version 17
VisualStudioVersion = 17.11.35303.130
MinimumVisualStudioVersion = 10.0.40219.1
Project("{FAE04EC0-301F-11D3-BF4B-00C04F79EFBC}") = "zxc1", "zxc1\zxc1.csproj", "{C8FC7BE2-D8D0-436D-9DAF-90AE5BA38319}"
EndProject
Global
	GlobalSection(SolutionConfigurationPlatforms) = preSolution
		Debug|Any CPU = Debug|Any CPU
		Release|Any CPU = Release|Any CPU
	EndGlobalSection
	GlobalSection(ProjectConfigurationPlatforms) = postSolution
		{C8FC7BE2-D8D0-436D-9DAF-90AE5BA38319}.Debug|Any CPU.ActiveCfg = Debug|Any CPU
		{C8FC7BE2-D8D0-436D-9DAF-90AE5BA38319}.Debug|Any CPU.Build.0 = Debug|Any CPU
		{C8FC7BE2-D8D0-436D-9DAF-90AE5BA38319}.Release|Any CPU.ActiveCfg = Release|Any CPU
		{C8FC7BE2-D8D0-436D-9DAF-90AE5BA38319}.Release|Any CPU.Build.0 = Release|Any CPU
	EndGlobalSection
	GlobalSection(SolutionProperties) = preSolution
		HideSolutionNode = FALSE
	EndGlobalSection
	GlobalSection(ExtensibilityGlobals) = postSolution
		SolutionGuid = {3850CCE3-2A3E-4A00-830E-DD877A917BE7}
	EndGlobalSection
EndGlobal
